// !$*UTF8*$!
{
	archiveVersion = 1;
	classes = {
	};
	objectVersion = 77;
	objects = {

/* Begin PBXContainerItemProxy section */
		7041CA232F92BA8F0015A49D /* PBXContainerItemProxy */ = {
			isa = PBXContainerItemProxy;
			containerPortal = 7041CA0D2F92BA8D0015A49D /* Project object */;
			proxyType = 1;
			remoteGlobalIDString = 7041CA142F92BA8D0015A49D;
			remoteInfo = "ML Integration";
		};
		7041CA2D2F92BA8F0015A49D /* PBXContainerItemProxy */ = {
			isa = PBXContainerItemProxy;
			containerPortal = 7041CA0D2F92BA8D0015A49D /* Project object */;
			proxyType = 1;
			remoteGlobalIDString = 7041CA142F92BA8D0015A49D;
			remoteInfo = "ML Integration";
		};
/* End PBXContainerItemProxy section */

/* Begin PBXFileReference section */
		7041CA152F92BA8D0015A49D /* ML Integration.app */ = {isa = PBXFileReference; explicitFileType = wrapper.application; includeInIndex = 0; path = "ML Integration.app"; sourceTree = BUILT_PRODUCTS_DIR; };
		7041CA222F92BA8F0015A49D /* ML IntegrationTests.xctest */ = {isa = PBXFileReference; explicitFileType = wrapper.cfbundle; includeInIndex = 0; path = "ML IntegrationTests.xctest"; sourceTree = BUILT_PRODUCTS_DIR; };
		7041CA2C2F92BA8F0015A49D /* ML IntegrationUITests.xctest */ = {isa = PBXFileReference; explicitFileType = wrapper.cfbundle; includeInIndex = 0; path = "ML IntegrationUITests.xctest"; sourceTree = BUILT_PRODUCTS_DIR; };
/* End PBXFileReference section */

/* Begin PBXFileSystemSynchronizedRootGroup section */
		7041CA172F92BA8D0015A49D /* ML Integration */ = {
			isa = PBXFileSystemSynchronizedRootGroup;
			path = "ML Integration";
			sourceTree = "<group>";
		};
		7041CA252F92BA8F0015A49D /* ML IntegrationTests */ = {
			isa = PBXFileSystemSynchronizedRootGroup;
			path = "ML IntegrationTests";
			sourceTree = "<group>";
		};
		7041CA2F2F92BA8F0015A49D /* ML IntegrationUITests */ = {
			isa = PBXFileSystemSynchronizedRootGroup;
			path = "ML IntegrationUITests";
			sourceTree = "<group>";
		};
/* End PBXFileSystemSynchronizedRootGroup section */

/* Begin PBXFrameworksBuildPhase section */
		7041CA122F92BA8D0015A49D /* Frameworks */ = {
			isa = PBXFrameworksBuildPhase;
			buildActionMask = 2147483647;
			files = (
			);
			runOnlyForDeploymentPostprocessing = 0;
		};
		7041CA1F2F92BA8F0015A49D /* Frameworks */ = {
			isa = PBXFrameworksBuildPhase;
			buildActionMask = 2147483647;
			files = (
			);
			runOnlyForDeploymentPostprocessing = 0;
		};
		7041CA292F92BA8F0015A49D /* Frameworks */ = {
			isa = PBXFrameworksBuildPhase;
			buildActionMask = 2147483647;
			files = (
			);
			runOnlyForDeploymentPostprocessing = 0;
		};
/* End PBXFrameworksBuildPhase section */

/* Begin PBXGroup section */
		7041CA0C2F92BA8D0015A49D = {
			isa = PBXGroup;
			children = (
				7041CA172F92BA8D0015A49D /* ML Integration */,
				7041CA252F92BA8F0015A49D /* ML IntegrationTests */,
				7041CA2F2F92BA8F0015A49D /* ML IntegrationUITests */,
				7041CA162F92BA8D0015A49D /* Products */,
			);
			sourceTree = "<group>";
		};
		7041CA162F92BA8D0015A49D /* Products */ = {
			isa = PBXGroup;
			children = (
				7041CA152F92BA8D0015A49D /* ML Integration.app */,
				7041CA222F92BA8F0015A49D /* ML IntegrationTests.xctest */,
				7041CA2C2F92BA8F0015A49D /* ML IntegrationUITests.xctest */,
			);
			name = Products;
			sourceTree = "<group>";
		};
/* End PBXGroup section */

/* Begin PBXNativeTarget section */
		7041CA142F92BA8D0015A49D /* ML Integration */ = {
			isa = PBXNativeTarget;
			buildConfigurationList = 7041CA362F92BA8F0015A49D /* Build configuration list for PBXNativeTarget "ML Integration" */;
			buildPhases = (
				7041CA112F92BA8D0015A49D /* Sources */,
				7041CA122F92BA8D0015A49D /* Frameworks */,
				7041CA132F92BA8D0015A49D /* Resources */,
			);
			buildRules = (
			);
			dependencies = (
			);
			fileSystemSynchronizedGroups = (
				7041CA172F92BA8D0015A49D /* ML Integration */,
			);
			name = "ML Integration";
			packageProductDependencies = (
			);
			productName = "ML Integration";
			productReference = 7041CA152F92BA8D0015A49D /* ML Integration.app */;
			productType = "com.apple.product-type.application";
		};
		7041CA212F92BA8F0015A49D /* ML IntegrationTests */ = {
			isa = PBXNativeTarget;
			buildConfigurationList = 7041CA392F92BA8F0015A49D /* Build configuration list for PBXNativeTarget "ML IntegrationTests" */;
			buildPhases = (
				7041CA1E2F92BA8F0015A49D /* Sources */,
				7041CA1F2F92BA8F0015A49D /* Frameworks */,
				7041CA202F92BA8F0015A49D /* Resources */,
			);
			buildRules = (
			);
			dependencies = (
				7041CA242F92BA8F0015A49D /* PBXTargetDependency */,
			);
			fileSystemSynchronizedGroups = (
				7041CA252F92BA8F0015A49D /* ML IntegrationTests */,
			);
			name = "ML IntegrationTests";
			packageProductDependencies = (
			);
			productName = "ML IntegrationTests";
			productReference = 7041CA222F92BA8F0015A49D /* ML IntegrationTests.xctest */;
			productType = "com.apple.product-type.bundle.unit-test";
		};
		7041CA2B2F92BA8F0015A49D /* ML IntegrationUITests */ = {
			isa = PBXNativeTarget;
			buildConfigurationList = 7041CA3C2F92BA8F0015A49D /* Build configuration list for PBXNativeTarget "ML IntegrationUITests" */;
			buildPhases = (
				7041CA282F92BA8F0015A49D /* Sources */,
				7041CA292F92BA8F0015A49D /* Frameworks */,
				7041CA2A2F92BA8F0015A49D /* Resources */,
			);
			buildRules = (
			);
			dependencies = (
				7041CA2E2F92BA8F0015A49D /* PBXTargetDependency */,
			);
			fileSystemSynchronizedGroups = (
				7041CA2F2F92BA8F0015A49D /* ML IntegrationUITests */,
			);
			name = "ML IntegrationUITests";
			packageProductDependencies = (
			);
			productName = "ML IntegrationUITests";
			productReference = 7041CA2C2F92BA8F0015A49D /* ML IntegrationUITests.xctest */;
			productType = "com.apple.product-type.bundle.ui-testing";
		};
/* End PBXNativeTarget section */

/* Begin PBXProject section */
		7041CA0D2F92BA8D0015A49D /* Project object */ = {
			isa = PBXProject;
			attributes = {
				BuildIndependentTargetsInParallel = 1;
				LastSwiftUpdateCheck = 2640;
				LastUpgradeCheck = 2640;
				TargetAttributes = {
					7041CA142F92BA8D0015A49D = {
						CreatedOnToolsVersion = 26.4.1;
					};
					7041CA212F92BA8F0015A49D = {
						CreatedOnToolsVersion = 26.4.1;
						TestTargetID = 7041CA142F92BA8D0015A49D;
					};
					7041CA2B2F92BA8F0015A49D = {
						CreatedOnToolsVersion = 26.4.1;
						TestTargetID = 7041CA142F92BA8D0015A49D;
					};
				};
			};
			buildConfigurationList = 7041CA102F92BA8D0015A49D /* Build configuration list for PBXProject "ML Integration" */;
			developmentRegion = en;
			hasScannedForEncodings = 0;
			knownRegions = (
				en,
				Base,
			);
			mainGroup = 7041CA0C2F92BA8D0015A49D;
			minimizedProjectReferenceProxies = 1;
			preferredProjectObjectVersion = 77;
			productRefGroup = 7041CA162F92BA8D0015A49D /* Products */;
			projectDirPath = "";
			projectRoot = "";
			targets = (
				7041CA142F92BA8D0015A49D /* ML Integration */,
				7041CA212F92BA8F0015A49D /* ML IntegrationTests */,
				7041CA2B2F92BA8F0015A49D /* ML IntegrationUITests */,
			);
		};
/* End PBXProject section */

/* Begin PBXResourcesBuildPhase section */
		7041CA132F92BA8D0015A49D /* Resources */ = {
			isa = PBXResourcesBuildPhase;
			buildActionMask = 2147483647;
			files = (
			);
			runOnlyForDeploymentPostprocessing = 0;
		};
		7041CA202F92BA8F0015A49D /* Resources */ = {
			isa = PBXResourcesBuildPhase;
			buildActionMask = 2147483647;
			files = (
			);
			runOnlyForDeploymentPostprocessing = 0;
		};
		7041CA2A2F92BA8F0015A49D /* Resources */ = {
			isa = PBXResourcesBuildPhase;
			buildActionMask = 2147483647;
			files = (
			);
			runOnlyForDeploymentPostprocessing = 0;
		};
/* End PBXResourcesBuildPhase section */

/* Begin PBXSourcesBuildPhase section */
		7041CA112F92BA8D0015A49D /* Sources */ = {
			isa = PBXSourcesBuildPhase;
			buildActionMask = 2147483647;
			files = (
			);
			runOnlyForDeploymentPostprocessing = 0;
		};
		7041CA1E2F92BA8F0015A49D /* Sources */ = {
			isa = PBXSourcesBuildPhase;
			buildActionMask = 2147483647;
			files = (
			);
			runOnlyForDeploymentPostprocessing = 0;
		};
		7041CA282F92BA8F0015A49D /* Sources */ = {
			isa = PBXSourcesBuildPhase;
			buildActionMask = 2147483647;
			files = (
			);
			runOnlyForDeploymentPostprocessing = 0;
		};
/* End PBXSourcesBuildPhase section */

/* Begin PBXTargetDependency section */
		7041CA242F92BA8F0015A49D /* PBXTargetDependency */ = {
			isa = PBXTargetDependency;
			target = 7041CA142F92BA8D0015A49D /* ML Integration */;
			targetProxy = 7041CA232F92BA8F0015A49D /* PBXContainerItemProxy */;
		};
		7041CA2E2F92BA8F0015A49D /* PBXTargetDependency */ = {
			isa = PBXTargetDependency;
			target = 7041CA142F92BA8D0015A49D /* ML Integration */;
			targetProxy = 7041CA2D2F92BA8F0015A49D /* PBXContainerItemProxy */;
		};
/* End PBXTargetDependency section */

/* Begin XCBuildConfiguration section */
		7041CA342F92BA8F0015A49D /* Debug */ = {
			isa = XCBuildConfiguration;
			buildSettings = {
				ALWAYS_SEARCH_USER_PATHS = NO;
				ASSETCATALOG_COMPILER_GENERATE_SWIFT_ASSET_SYMBOL_EXTENSIONS = YES;
				CLANG_ANALYZER_NONNULL = YES;
				CLANG_ANALYZER_NUMBER_OBJECT_CONVERSION = YES_AGGRESSIVE;
				CLANG_CXX_LANGUAGE_STANDARD = "gnu++20";
				CLANG_ENABLE_MODULES = YES;
				CLANG_ENABLE_OBJC_ARC = YES;
				CLANG_ENABLE_OBJC_WEAK = YES;
				CLANG_WARN_BLOCK_CAPTURE_AUTORELEASING = YES;
				CLANG_WARN_BOOL_CONVERSION = YES;
				CLANG_WARN_COMMA = YES;
				CLANG_WARN_CONSTANT_CONVERSION = YES;
				CLANG_WARN_DEPRECATED_OBJC_IMPLEMENTATIONS = YES;
				CLANG_WARN_DIRECT_OBJC_ISA_USAGE = YES_ERROR;
				CLANG_WARN_DOCUMENTATION_COMMENTS = YES;
				CLANG_WARN_EMPTY_BODY = YES;
				CLANG_WARN_ENUM_CONVERSION = YES;
				CLANG_WARN_INFINITE_RECURSION = YES;
				CLANG_WARN_INT_CONVERSION = YES;
				CLANG_WARN_NON_LITERAL_NULL_CONVERSION = YES;
				CLANG_WARN_OBJC_IMPLICIT_RETAIN_SELF = YES;
				CLANG_WARN_OBJC_LITERAL_CONVERSION = YES;
				CLANG_WARN_OBJC_ROOT_CLASS = YES_ERROR;
				CLANG_WARN_QUOTED_INCLUDE_IN_FRAMEWORK_HEADER = YES;
				CLANG_WARN_RANGE_LOOP_ANALYSIS = YES;
				CLANG_WARN_STRICT_PROTOTYPES = YES;
				CLANG_WARN_SUSPICIOUS_MOVE = YES;
				CLANG_WARN_UNGUARDED_AVAILABILITY = YES_AGGRESSIVE;
				CLANG_WARN_UNREACHABLE_CODE = YES;
				CLANG_WARN__DUPLICATE_METHOD_MATCH = YES;
				COPY_PHASE_STRIP = NO;
				DEBUG_INFORMATION_FORMAT = dwarf;
				DEVELOPMENT_TEAM = D5JH7G5ZVL;
				ENABLE_STRICT_OBJC_MSGSEND = YES;
				ENABLE_TESTABILITY = YES;
				ENABLE_USER_SCRIPT_SANDBOXING = YES;
				GCC_C_LANGUAGE_STANDARD = gnu17;
				GCC_DYNAMIC_NO_PIC = NO;
				GCC_NO_COMMON_BLOCKS = YES;
				GCC_OPTIMIZATION_LEVEL = 0;
				GCC_PREPROCESSOR_DEFINITIONS = (
					"DEBUG=1",
					"$(inherited)",
				);
				GCC_WARN_64_TO_32_BIT_CONVERSION = YES;
				GCC_WARN_ABOUT_RETURN_TYPE = YES_ERROR;
				GCC_WARN_UNDECLARED_SELECTOR = YES;
				GCC_WARN_UNINITIALIZED_AUTOS = YES_AGGRESSIVE;
				GCC_WARN_UNUSED_FUNCTION = YES;
				GCC_WARN_UNUSED_VARIABLE = YES;
				LOCALIZATION_PREFERS_STRING_CATALOGS = YES;
				MACOSX_DEPLOYMENT_TARGET = 26.4;
				MTL_ENABLE_DEBUG_INFO = INCLUDE_SOURCE;
				MTL_FAST_MATH = YES;
				ONLY_ACTIVE_ARCH = YES;
				SDKROOT = macosx;
				SWIFT_ACTIVE_COMPILATION_CONDITIONS = "DEBUG $(inherited)";
				SWIFT_OPTIMIZATION_LEVEL = "-Onone";
			};
			name = Debug;
		};
		7041CA352F92BA8F0015A49D /* Release */ = {
			isa = XCBuildConfiguration;
			buildSettings = {
				ALWAYS_SEARCH_USER_PATHS = NO;
				ASSETCATALOG_COMPILER_GENERATE_SWIFT_ASSET_SYMBOL_EXTENSIONS = YES;
				CLANG_ANALYZER_NONNULL = YES;
				CLANG_ANALYZER_NUMBER_OBJECT_CONVERSION = YES_AGGRESSIVE;
				CLANG_CXX_LANGUAGE_STANDARD = "gnu++20";
				CLANG_ENABLE_MODULES = YES;
				CLANG_ENABLE_OBJC_ARC = YES;
				CLANG_ENABLE_OBJC_WEAK = YES;
				CLANG_WARN_BLOCK_CAPTURE_AUTORELEASING = YES;
				CLANG_WARN_BOOL_CONVERSION = YES;
				CLANG_WARN_COMMA = YES;
				CLANG_WARN_CONSTANT_CONVERSION = YES;
				CLANG_WARN_DEPRECATED_OBJC_IMPLEMENTATIONS = YES;
				CLANG_WARN_DIRECT_OBJC_ISA_USAGE = YES_ERROR;
				CLANG_WARN_DOCUMENTATION_COMMENTS = YES;
				CLANG_WARN_EMPTY_BODY = YES;
				CLANG_WARN_ENUM_CONVERSION = YES;
				CLANG_WARN_INFINITE_RECURSION = YES;
				CLANG_WARN_INT_CONVERSION = YES;
				CLANG_WARN_NON_LITERAL_NULL_CONVERSION = YES;
				CLANG_WARN_OBJC_IMPLICIT_RETAIN_SELF = YES;
				CLANG_WARN_OBJC_LITERAL_CONVERSION = YES;
				CLANG_WARN_OBJC_ROOT_CLASS = YES_ERROR;
				CLANG_WARN_QUOTED_INCLUDE_IN_FRAMEWORK_HEADER = YES;
				CLANG_WARN_RANGE_LOOP_ANALYSIS = YES;
				CLANG_WARN_STRICT_PROTOTYPES = YES;
				CLANG_WARN_SUSPICIOUS_MOVE = YES;
				CLANG_WARN_UNGUARDED_AVAILABILITY = YES_AGGRESSIVE;
				CLANG_WARN_UNREACHABLE_CODE = YES;
				CLANG_WARN__DUPLICATE_METHOD_MATCH = YES;
				COPY_PHASE_STRIP = NO;
				DEBUG_INFORMATION_FORMAT = "dwarf-with-dsym";
				DEVELOPMENT_TEAM = D5JH7G5ZVL;
				ENABLE_NS_ASSERTIONS = NO;
				ENABLE_STRICT_OBJC_MSGSEND = YES;
				ENABLE_USER_SCRIPT_SANDBOXING = YES;
				GCC_C_LANGUAGE_STANDARD = gnu17;
				GCC_NO_COMMON_BLOCKS = YES;
				GCC_WARN_64_TO_32_BIT_CONVERSION = YES;
				GCC_WARN_ABOUT_RETURN_TYPE = YES_ERROR;
				GCC_WARN_UNDECLARED_SELECTOR = YES;
				GCC_WARN_UNINITIALIZED_AUTOS = YES_AGGRESSIVE;
				GCC_WARN_UNUSED_FUNCTION = YES;
				GCC_WARN_UNUSED_VARIABLE = YES;
				LOCALIZATION_PREFERS_STRING_CATALOGS = YES;
				MACOSX_DEPLOYMENT_TARGET = 26.4;
				MTL_ENABLE_DEBUG_INFO = NO;
				MTL_FAST_MATH = YES;
				SDKROOT = macosx;
				SWIFT_COMPILATION_MODE = wholemodule;
			};
			name = Release;
		};
		7041CA372F92BA8F0015A49D /* Debug */ = {
			isa = XCBuildConfiguration;
			buildSettings = {
				ASSETCATALOG_COMPILER_APPICON_NAME = AppIcon;
				ASSETCATALOG_COMPILER_GLOBAL_ACCENT_COLOR_NAME = AccentColor;
				CODE_SIGN_STYLE = Automatic;
				COMBINE_HIDPI_IMAGES = YES;
				CURRENT_PROJECT_VERSION = 1;
				DEVELOPMENT_TEAM = D5JH7G5ZVL;
				ENABLE_APP_SANDBOX = YES;
				ENABLE_HARDENED_RUNTIME = YES;
				ENABLE_PREVIEWS = YES;
				ENABLE_USER_SELECTED_FILES = readonly;
				GENERATE_INFOPLIST_FILE = YES;
				INFOPLIST_KEY_NSHumanReadableCopyright = "Copyright © 2026 TBDO Inc. All rights reserved.";
				LD_RUNPATH_SEARCH_PATHS = (
					"$(inherited)",
					"@executable_path/../Frameworks",
				);
				MARKETING_VERSION = 1.0;
				PRODUCT_BUNDLE_IDENTIFIER = "TBDOInc.ML-Integration";
				PRODUCT_NAME = "$(TARGET_NAME)";
				REGISTER_APP_GROUPS = YES;
				STRING_CATALOG_GENERATE_SYMBOLS = YES;
				SWIFT_APPROACHABLE_CONCURRENCY = YES;
				SWIFT_DEFAULT_ACTOR_ISOLATION = MainActor;
				SWIFT_EMIT_LOC_STRINGS = YES;
				SWIFT_UPCOMING_FEATURE_MEMBER_IMPORT_VISIBILITY = YES;
				SWIFT_VERSION = 5.0;
			};
			name = Debug;
		};
		7041CA382F92BA8F0015A49D /* Release */ = {
			isa = XCBuildConfiguration;
			buildSettings = {
				ASSETCATALOG_COMPILER_APPICON_NAME = AppIcon;
				ASSETCATALOG_COMPILER_GLOBAL_ACCENT_COLOR_NAME = AccentColor;
				CODE_SIGN_STYLE = Automatic;
				COMBINE_HIDPI_IMAGES = YES;
				CURRENT_PROJECT_VERSION = 1;
				DEVELOPMENT_TEAM = D5JH7G5ZVL;
				ENABLE_APP_SANDBOX = YES;
				ENABLE_HARDENED_RUNTIME = YES;
				ENABLE_PREVIEWS = YES;
				ENABLE_USER_SELECTED_FILES = readonly;
				GENERATE_INFOPLIST_FILE = YES;
				INFOPLIST_KEY_NSHumanReadableCopyright = "Copyright © 2026 TBDO Inc. All rights reserved.";
				LD_RUNPATH_SEARCH_PATHS = (
					"$(inherited)",
					"@executable_path/../Frameworks",
				);
				MARKETING_VERSION = 1.0;
				PRODUCT_BUNDLE_IDENTIFIER = "TBDOInc.ML-Integration";
				PRODUCT_NAME = "$(TARGET_NAME)";
				REGISTER_APP_GROUPS = YES;
				STRING_CATALOG_GENERATE_SYMBOLS = YES;
				SWIFT_APPROACHABLE_CONCURRENCY = YES;
				SWIFT_DEFAULT_ACTOR_ISOLATION = MainActor;
				SWIFT_EMIT_LOC_STRINGS = YES;
				SWIFT_UPCOMING_FEATURE_MEMBER_IMPORT_VISIBILITY = YES;
				SWIFT_VERSION = 5.0;
			};
			name = Release;
		};
		7041CA3A2F92BA8F0015A49D /* Debug */ = {
			isa = XCBuildConfiguration;
			buildSettings = {
				BUNDLE_LOADER = "$(TEST_HOST)";
				CODE_SIGN_STYLE = Automatic;
				CURRENT_PROJECT_VERSION = 1;
				DEVELOPMENT_TEAM = D5JH7G5ZVL;
				GENERATE_INFOPLIST_FILE = YES;
				MACOSX_DEPLOYMENT_TARGET = 26.4;
				MARKETING_VERSION = 1.0;
				PRODUCT_BUNDLE_IDENTIFIER = "TBDOInc.ML-IntegrationTests";
				PRODUCT_NAME = "$(TARGET_NAME)";
				STRING_CATALOG_GENERATE_SYMBOLS = NO;
				SWIFT_APPROACHABLE_CONCURRENCY = YES;
				SWIFT_EMIT_LOC_STRINGS = NO;
				SWIFT_UPCOMING_FEATURE_MEMBER_IMPORT_VISIBILITY = YES;
				SWIFT_VERSION = 5.0;
				TEST_HOST = "$(BUILT_PRODUCTS_DIR)/ML Integration.app/$(BUNDLE_EXECUTABLE_FOLDER_PATH)/ML Integration";
			};
			name = Debug;
		};
		7041CA3B2F92BA8F0015A49D /* Release */ = {
			isa = XCBuildConfiguration;
			buildSettings = {
				BUNDLE_LOADER = "$(TEST_HOST)";
				CODE_SIGN_STYLE = Automatic;
				CURRENT_PROJECT_VERSION = 1;
				DEVELOPMENT_TEAM = D5JH7G5ZVL;
				GENERATE_INFOPLIST_FILE = YES;
				MACOSX_DEPLOYMENT_TARGET = 26.4;
				MARKETING_VERSION = 1.0;
				PRODUCT_BUNDLE_IDENTIFIER = "TBDOInc.ML-IntegrationTests";
				PRODUCT_NAME = "$(TARGET_NAME)";
				STRING_CATALOG_GENERATE_SYMBOLS = NO;
				SWIFT_APPROACHABLE_CONCURRENCY = YES;
				SWIFT_EMIT_LOC_STRINGS = NO;
				SWIFT_UPCOMING_FEATURE_MEMBER_IMPORT_VISIBILITY = YES;
				SWIFT_VERSION = 5.0;
				TEST_HOST = "$(BUILT_PRODUCTS_DIR)/ML Integration.app/$(BUNDLE_EXECUTABLE_FOLDER_PATH)/ML Integration";
			};
			name = Release;
		};
		7041CA3D2F92BA8F0015A49D /* Debug */ = {
			isa = XCBuildConfiguration;
			buildSettings = {
				CODE_SIGN_STYLE = Automatic;
				CURRENT_PROJECT_VERSION = 1;
				DEVELOPMENT_TEAM = D5JH7G5ZVL;
				GENERATE_INFOPLIST_FILE = YES;
				MARKETING_VERSION = 1.0;
				PRODUCT_BUNDLE_IDENTIFIER = "TBDOInc.ML-IntegrationUITests";
				PRODUCT_NAME = "$(TARGET_NAME)";
				STRING_CATALOG_GENERATE_SYMBOLS = NO;
				SWIFT_APPROACHABLE_CONCURRENCY = YES;
				SWIFT_EMIT_LOC_STRINGS = NO;
				SWIFT_UPCOMING_FEATURE_MEMBER_IMPORT_VISIBILITY = YES;
				SWIFT_VERSION = 5.0;
				TEST_TARGET_NAME = "ML Integration";
			};
			name = Debug;
		};
		7041CA3E2F92BA8F0015A49D /* Release */ = {
			isa = XCBuildConfiguration;
			buildSettings = {
				CODE_SIGN_STYLE = Automatic;
				CURRENT_PROJECT_VERSION = 1;
				DEVELOPMENT_TEAM = D5JH7G5ZVL;
				GENERATE_INFOPLIST_FILE = YES;
				MARKETING_VERSION = 1.0;
				PRODUCT_BUNDLE_IDENTIFIER = "TBDOInc.ML-IntegrationUITests";
				PRODUCT_NAME = "$(TARGET_NAME)";
				STRING_CATALOG_GENERATE_SYMBOLS = NO;
				SWIFT_APPROACHABLE_CONCURRENCY = YES;
				SWIFT_EMIT_LOC_STRINGS = NO;
				SWIFT_UPCOMING_FEATURE_MEMBER_IMPORT_VISIBILITY = YES;
				SWIFT_VERSION = 5.0;
				TEST_TARGET_NAME = "ML Integration";
			};
			name = Release;
		};
/* End XCBuildConfiguration section */

/* Begin XCConfigurationList section */
		7041CA102F92BA8D0015A49D /* Build configuration list for PBXProject "ML Integration" */ = {
			isa = XCConfigurationList;
			buildConfigurations = (
				7041CA342F92BA8F0015A49D /* Debug */,
				7041CA352F92BA8F0015A49D /* Release */,
			);
			defaultConfigurationIsVisible = 0;
			defaultConfigurationName = Release;
		};
		7041CA362F92BA8F0015A49D /* Build configuration list for PBXNativeTarget "ML Integration" */ = {
			isa = XCConfigurationList;
			buildConfigurations = (
				7041CA372F92BA8F0015A49D /* Debug */,
				7041CA382F92BA8F0015A49D /* Release */,
			);
			defaultConfigurationIsVisible = 0;
			defaultConfigurationName = Release;
		};
		7041CA392F92BA8F0015A49D /* Build configuration list for PBXNativeTarget "ML IntegrationTests" */ = {
			isa = XCConfigurationList;
			buildConfigurations = (
				7041CA3A2F92BA8F0015A49D /* Debug */,
				7041CA3B2F92BA8F0015A49D /* Release */,
			);
			defaultConfigurationIsVisible = 0;
			defaultConfigurationName = Release;
		};
		7041CA3C2F92BA8F0015A49D /* Build configuration list for PBXNativeTarget "ML IntegrationUITests" */ = {
			isa = XCConfigurationList;
			buildConfigurations = (
				7041CA3D2F92BA8F0015A49D /* Debug */,
				7041CA3E2F92BA8F0015A49D /* Release */,
			);
			defaultConfigurationIsVisible = 0;
			defaultConfigurationName = Release;
		};
/* End XCConfigurationList section */
	};
	rootObject = 7041CA0D2F92BA8D0015A49D /* Project object */;
}
